{
  "object": {
    "pins": [
      {
        "package": "EasyImagy",
        "repositoryURL": "https://github.com/koher/EasyImagy.git",
        "state": {
          "branch": null,
          "revision": "19e5264b80ae48ff94df35aa83d96b4e70e7a3f8",
          "version": "0.5.2"
        }
      }
    ]
  },
  "version": 1
}
