{
  "object": {
    "pins": [
      {
        "package": "EasyImagy",
        "repositoryURL": "https://github.com/koher/EasyImagy.git",
        "state": {
          "branch": null,
          "revision": "b14427d04d71a6fa46ba87ad019c8018ff52ba45",
          "version": "0.4.0"
        }
      }
    ]
  },
  "version": 1
}
